
Microsoft Visual Studio Solution File, Format Version 12.00
# Visual Studio Version 17
VisualStudioVersion = 17.0.31903.59
MinimumVisualStudioVersion = 10.0.40219.1
Project("{FAE04EC0-301F-11D3-BF4B-00C04F79EFBC}") = "PetShop.Api", "PetShop.Api\PetShop.Api.csproj", "{972051FA-DFED-487C-8FC1-FF4A95F43386}"
EndProject
Global
	GlobalSection(SolutionConfigurationPlatforms) = preSolution
		Debug|Any CPU = Debug|Any CPU
		Release|Any CPU = Release|Any CPU
	EndGlobalSection
	GlobalSection(SolutionProperties) = preSolution
		HideSolutionNode = FALSE
	EndGlobalSection
	GlobalSection(ProjectConfigurationPlatforms) = postSolution
		{972051FA-DFED-487C-8FC1-FF4A95F43386}.Debug|Any CPU.ActiveCfg = Debug|Any CPU
		{972051FA-DFED-487C-8FC1-FF4A95F43386}.Debug|Any CPU.Build.0 = Debug|Any CPU
		{972051FA-DFED-487C-8FC1-FF4A95F43386}.Release|Any CPU.ActiveCfg = Release|Any CPU
		{972051FA-DFED-487C-8FC1-FF4A95F43386}.Release|Any CPU.Build.0 = Release|Any CPU
	EndGlobalSection
EndGlobal
